
Microsoft Visual Studio Solution File, Format Version 12.00
# Visual Studio Version 16
VisualStudioVersion = 16.0.31911.196
MinimumVisualStudioVersion = 10.0.40219.1
Project("{FAE04EC0-301F-11D3-BF4B-00C04F79EFBC}") = "Lab13-Homework", "Lab13-Homework\Lab13-Homework.csproj", "{804326AC-F132-4ACE-98AA-50A6719F410E}"
EndProject
Global
	GlobalSection(SolutionConfigurationPlatforms) = preSolution
		Debug|Any CPU = Debug|Any CPU
		Release|Any CPU = Release|Any CPU
	EndGlobalSection
	GlobalSection(ProjectConfigurationPlatforms) = postSolution
		{804326AC-F132-4ACE-98AA-50A6719F410E}.Debug|Any CPU.ActiveCfg = Debug|Any CPU
		{804326AC-F132-4ACE-98AA-50A6719F410E}.Debug|Any CPU.Build.0 = Debug|Any CPU
		{804326AC-F132-4ACE-98AA-50A6719F410E}.Release|Any CPU.ActiveCfg = Release|Any CPU
		{804326AC-F132-4ACE-98AA-50A6719F410E}.Release|Any CPU.Build.0 = Release|Any CPU
	EndGlobalSection
	GlobalSection(SolutionProperties) = preSolution
		HideSolutionNode = FALSE
	EndGlobalSection
	GlobalSection(ExtensibilityGlobals) = postSolution
		SolutionGuid = {FCDD51D5-ACAE-4CD6-AC22-81AB18A81DBE}
	EndGlobalSection
EndGlobal
